
Microsoft Visual Studio Solution File, Format Version 12.00
# Visual Studio Version 16
VisualStudioVersion = 16.0.30907.101
MinimumVisualStudioVersion = 10.0.40219.1
Project("{8BC9CEB8-8B4A-11D0-8D11-00A0C91BC942}") = "PathTracingCelShading", "PathTracingCelShading.vcxproj", "{79FF5FC3-2EF2-43E2-ABE4-5D15BD1D7E6A}"
EndProject
Global
	GlobalSection(SolutionConfigurationPlatforms) = preSolution
		Debug|x64 = Debug|x64
		Debug|x86 = Debug|x86
		Release|x64 = Release|x64
		Release|x86 = Release|x86
	EndGlobalSection
	GlobalSection(ProjectConfigurationPlatforms) = postSolution
		{79FF5FC3-2EF2-43E2-ABE4-5D15BD1D7E6A}.Debug|x64.ActiveCfg = Debug|x64
		{79FF5FC3-2EF2-43E2-ABE4-5D15BD1D7E6A}.Debug|x64.Build.0 = Debug|x64
		{79FF5FC3-2EF2-43E2-ABE4-5D15BD1D7E6A}.Debug|x86.ActiveCfg = Debug|Win32
		{79FF5FC3-2EF2-43E2-ABE4-5D15BD1D7E6A}.Debug|x86.Build.0 = Debug|Win32
		{79FF5FC3-2EF2-43E2-ABE4-5D15BD1D7E6A}.Release|x64.ActiveCfg = Release|x64
		{79FF5FC3-2EF2-43E2-ABE4-5D15BD1D7E6A}.Release|x64.Build.0 = Release|x64
		{79FF5FC3-2EF2-43E2-ABE4-5D15BD1D7E6A}.Release|x86.ActiveCfg = Release|Win32
		{79FF5FC3-2EF2-43E2-ABE4-5D15BD1D7E6A}.Release|x86.Build.0 = Release|Win32
	EndGlobalSection
	GlobalSection(SolutionProperties) = preSolution
		HideSolutionNode = FALSE
	EndGlobalSection
	GlobalSection(ExtensibilityGlobals) = postSolution
		SolutionGuid = {F7B4BF27-C39C-4200-9B1B-D2D390079490}
	EndGlobalSection
EndGlobal
